
Microsoft Visual Studio Solution File, Format Version 12.00
# Visual Studio 14
VisualStudioVersion = 14.0.24720.0
MinimumVisualStudioVersion = 10.0.40219.1
Project("{FAE04EC0-301F-11D3-BF4B-00C04F79EFBC}") = "ADO.NET", "ADO.NET\ADO.NET.csproj", "{C710841B-5E8A-4E7E-B2AA-1F79F9508482}"
EndProject
Project("{FAE04EC0-301F-11D3-BF4B-00C04F79EFBC}") = "AzureDataServices", "AzureDataServices\AzureDataServices.csproj", "{9E326969-6012-41CC-BF74-2E6423165EBD}"
EndProject
Project("{FAE04EC0-301F-11D3-BF4B-00C04F79EFBC}") = "WCFDataService", "WCFDataService\WCFDataService.csproj", "{02C411E6-9560-4245-BA5C-F74ED8D7F8C0}"
EndProject
Global
	GlobalSection(SolutionConfigurationPlatforms) = preSolution
		Debug|Any CPU = Debug|Any CPU
		Release|Any CPU = Release|Any CPU
	EndGlobalSection
	GlobalSection(ProjectConfigurationPlatforms) = postSolution
		{C710841B-5E8A-4E7E-B2AA-1F79F9508482}.Debug|Any CPU.ActiveCfg = Debug|Any CPU
		{C710841B-5E8A-4E7E-B2AA-1F79F9508482}.Debug|Any CPU.Build.0 = Debug|Any CPU
		{C710841B-5E8A-4E7E-B2AA-1F79F9508482}.Release|Any CPU.ActiveCfg = Release|Any CPU
		{C710841B-5E8A-4E7E-B2AA-1F79F9508482}.Release|Any CPU.Build.0 = Release|Any CPU
		{9E326969-6012-41CC-BF74-2E6423165EBD}.Debug|Any CPU.ActiveCfg = Debug|Any CPU
		{9E326969-6012-41CC-BF74-2E6423165EBD}.Debug|Any CPU.Build.0 = Debug|Any CPU
		{9E326969-6012-41CC-BF74-2E6423165EBD}.Release|Any CPU.ActiveCfg = Release|Any CPU
		{9E326969-6012-41CC-BF74-2E6423165EBD}.Release|Any CPU.Build.0 = Release|Any CPU
		{02C411E6-9560-4245-BA5C-F74ED8D7F8C0}.Debug|Any CPU.ActiveCfg = Debug|Any CPU
		{02C411E6-9560-4245-BA5C-F74ED8D7F8C0}.Debug|Any CPU.Build.0 = Debug|Any CPU
		{02C411E6-9560-4245-BA5C-F74ED8D7F8C0}.Release|Any CPU.ActiveCfg = Release|Any CPU
		{02C411E6-9560-4245-BA5C-F74ED8D7F8C0}.Release|Any CPU.Build.0 = Release|Any CPU
	EndGlobalSection
	GlobalSection(SolutionProperties) = preSolution
		HideSolutionNode = FALSE
	EndGlobalSection
EndGlobal
